# This file is autogenerated, do not edit; changes may be undone by the next 'dep ensure'.


[[projects]]
  digest = "1:318f1c959a8a740366fce4b1e1eb2fd914036b4af58fbd0a003349b305f118ad"
  name = "github.com/golang/protobuf"
  packages = ["proto"]
  pruneopts = "UT"
  revision = "b5d812f8a3706043e23a9cd5babf2e5423744d30"
  version = "v1.3.1"

[[projects]]
  branch = "master"
  digest = "1:b8774f0cf1c719f5253e92f1fc7880b4186046064c3c23ead99ab568028a6510"
  name = "github.com/mailru/easyjson"
  packages = [
    ".",
    "buffer",
    "jlexer",
    "jwriter",
  ]
  pruneopts = "UT"
  revision = "1de009706dbeb9d05f18586f0735fcdb7c524481"

[[projects]]
  branch = "master"
  digest = "1:e8bbcaa70d5e4e4155ba29fedb845955011a648abadfb1623023d4ee55543d57"
  name = "github.com/subiz/errors"
  packages = ["."]
  pruneopts = "UT"
  revision = "a8c3ce30f1752c617ac0d459a04f44f1a9943a71"

[[projects]]
  branch = "master"
  digest = "1:4d9f6257d1d6a2660e02a88d84a72a1358a07fa3fe4aeb4c5dd75322123af652"
  name = "github.com/subiz/header"
  packages = [
    "account",
    "auth",
    "common",
    "content",
    "conversation",
    "email",
    "event",
    "notibox",
    "payment",
    "user",
  ]
  pruneopts = "UT"
  revision = "339eed265d40be3a1e02ddb25d68947ec3391a4d"

[solve-meta]
  analyzer-name = "dep"
  analyzer-version = 1
  input-imports = [
    "github.com/golang/protobuf/proto",
    "github.com/subiz/errors",
    "github.com/subiz/header/auth",
    "github.com/subiz/header/event",
  ]
  solver-name = "gps-cdcl"
  solver-version = 1
