# This file is autogenerated, do not edit; changes may be undone by the next 'dep ensure'.


[[projects]]
  branch = "master"
  name = "bitbucket.org/subiz/auth"
  packages = ["scope"]
  revision = "f3be175e23231a3950bfc09d47412e9ab006d43f"

[[projects]]
  branch = "master"
  name = "git.subiz.net/errors"
  packages = ["."]
  revision = "f8a79a0c5e86274bf05bf9f29edb7f47f8736e1e"

[[projects]]
  branch = "master"
  name = "git.subiz.net/goutils"
  packages = ["grpc"]
  revision = "d4ee7c250ee0c607121e897e5f8de78098064726"

[[projects]]
  branch = "master"
  name = "git.subiz.net/header"
  packages = [
    "account",
    "auth",
    "client",
    "common",
    "content",
    "conversation",
    "event",
    "lang",
    "notibox",
    "payment",
    "user"
  ]
  revision = "93e70670f14f104e5c7228a16d35c6a69c9b0686"

[[projects]]
  name = "github.com/cenkalti/backoff"
  packages = ["."]
  revision = "2ea60e5f094469f9e65adb9cd103795b73ae743e"
  version = "v2.0.0"

[[projects]]
  branch = "master"
  name = "github.com/gocql/gocql"
  packages = [
    ".",
    "internal/lru",
    "internal/murmur",
    "internal/streams"
  ]
  revision = "e06f8c1bcd787e6bf0608288b314522f08cc7848"

[[projects]]
  branch = "master"
  name = "github.com/golang/protobuf"
  packages = [
    "proto",
    "ptypes",
    "ptypes/any",
    "ptypes/duration",
    "ptypes/timestamp"
  ]
  revision = "14aad3d5ea4c323bcd7a2137e735da24a76e814c"

[[projects]]
  branch = "master"
  name = "github.com/golang/snappy"
  packages = ["."]
  revision = "2e65f85255dbc3072edf28d6b5b8efc472979f5a"

[[projects]]
  branch = "master"
  name = "github.com/hailocab/go-hostpool"
  packages = ["."]
  revision = "e80d13ce29ede4452c43dea11e79b9bc8a15b478"

[[projects]]
  branch = "master"
  name = "github.com/orcaman/concurrent-map"
  packages = ["."]
  revision = "a05df785d2dcc16310fb997ee1702100d047cfe1"

[[projects]]
  branch = "master"
  name = "github.com/pquerna/ffjson"
  packages = [
    "ffjson",
    "fflib/v1",
    "fflib/v1/internal"
  ]
  revision = "af8b230fcd2007c7095168ca8ab94c68b60840c6"

[[projects]]
  name = "github.com/thanhpk/goslice"
  packages = ["."]
  revision = "956fa51c129e5f0fc21f7a0253f30a518e2d9c08"
  version = "v1.0.1"

[[projects]]
  name = "github.com/thanhpk/stringf"
  packages = ["."]
  revision = "bab82860abfe2e060a07fdd0a28c5e603e9a0eed"
  version = "v1.0.7"

[[projects]]
  branch = "master"
  name = "golang.org/x/net"
  packages = [
    "context",
    "http/httpguts",
    "http2",
    "http2/hpack",
    "idna",
    "internal/timeseries",
    "trace"
  ]
  revision = "81d44fd177a98d09fe3bc40a5a78d495d3f042ea"

[[projects]]
  name = "golang.org/x/text"
  packages = [
    "collate",
    "collate/build",
    "internal/colltab",
    "internal/gen",
    "internal/tag",
    "internal/triegen",
    "internal/ucd",
    "language",
    "secure/bidirule",
    "transform",
    "unicode/bidi",
    "unicode/cldr",
    "unicode/norm",
    "unicode/rangetable"
  ]
  revision = "f21a4dfb5e38f5895301dc265a8def02365cc3d0"
  version = "v0.3.0"

[[projects]]
  branch = "master"
  name = "google.golang.org/genproto"
  packages = ["googleapis/rpc/status"]
  revision = "fedd2861243fd1a8152376292b921b394c7bef7e"

[[projects]]
  name = "google.golang.org/grpc"
  packages = [
    ".",
    "balancer",
    "balancer/base",
    "balancer/roundrobin",
    "codes",
    "connectivity",
    "credentials",
    "encoding",
    "encoding/proto",
    "grpclog",
    "internal",
    "internal/backoff",
    "internal/channelz",
    "internal/grpcrand",
    "keepalive",
    "metadata",
    "naming",
    "peer",
    "resolver",
    "resolver/dns",
    "resolver/passthrough",
    "stats",
    "status",
    "tap",
    "transport"
  ]
  revision = "168a6198bcb0ef175f7dacec0b8691fc141dc9b8"
  version = "v1.13.0"

[[projects]]
  name = "gopkg.in/inf.v0"
  packages = ["."]
  revision = "d2d2541c53f18d2a059457998ce2876cc8e67cbf"
  version = "v0.9.1"

[solve-meta]
  analyzer-name = "dep"
  analyzer-version = 1
  inputs-digest = "ead9114565761fe8b1e9614ae4bd1ae47438a6b6d2a565ad06bc1c704935a08a"
  solver-name = "gps-cdcl"
  solver-version = 1
